
Microsoft Visual Studio Solution File, Format Version 12.00
# Visual Studio Version 17
VisualStudioVersion = 17.4.33205.214
MinimumVisualStudioVersion = 10.0.40219.1
Project("{9A19103F-16F7-4668-BE54-9A1E7A4F7556}") = "PantrySquirrel", "PantrySquirrel\PantrySquirrel.csproj", "{BD3FCA4E-C9F2-4DA3-9331-0C5A77915F5E}"
EndProject
Project("{9A19103F-16F7-4668-BE54-9A1E7A4F7556}") = "ApiDataModels", "ApiDataModels\ApiDataModels.csproj", "{DCB52511-3304-46BF-9C6B-9DF20712D495}"
EndProject
Project("{FAE04EC0-301F-11D3-BF4B-00C04F79EFBC}") = "UserDataModels", "UserDataModels\UserDataModels.csproj", "{4DAA1A88-B49E-410C-A996-AF582296C354}"
EndProject
Global
	GlobalSection(SolutionConfigurationPlatforms) = preSolution
		Debug|Any CPU = Debug|Any CPU
		Release|Any CPU = Release|Any CPU
	EndGlobalSection
	GlobalSection(ProjectConfigurationPlatforms) = postSolution
		{BD3FCA4E-C9F2-4DA3-9331-0C5A77915F5E}.Debug|Any CPU.ActiveCfg = Debug|Any CPU
		{BD3FCA4E-C9F2-4DA3-9331-0C5A77915F5E}.Debug|Any CPU.Build.0 = Debug|Any CPU
		{BD3FCA4E-C9F2-4DA3-9331-0C5A77915F5E}.Release|Any CPU.ActiveCfg = Release|Any CPU
		{BD3FCA4E-C9F2-4DA3-9331-0C5A77915F5E}.Release|Any CPU.Build.0 = Release|Any CPU
		{DCB52511-3304-46BF-9C6B-9DF20712D495}.Debug|Any CPU.ActiveCfg = Debug|Any CPU
		{DCB52511-3304-46BF-9C6B-9DF20712D495}.Debug|Any CPU.Build.0 = Debug|Any CPU
		{DCB52511-3304-46BF-9C6B-9DF20712D495}.Release|Any CPU.ActiveCfg = Release|Any CPU
		{DCB52511-3304-46BF-9C6B-9DF20712D495}.Release|Any CPU.Build.0 = Release|Any CPU
		{4DAA1A88-B49E-410C-A996-AF582296C354}.Debug|Any CPU.ActiveCfg = Debug|Any CPU
		{4DAA1A88-B49E-410C-A996-AF582296C354}.Debug|Any CPU.Build.0 = Debug|Any CPU
		{4DAA1A88-B49E-410C-A996-AF582296C354}.Release|Any CPU.ActiveCfg = Release|Any CPU
		{4DAA1A88-B49E-410C-A996-AF582296C354}.Release|Any CPU.Build.0 = Release|Any CPU
	EndGlobalSection
	GlobalSection(SolutionProperties) = preSolution
		HideSolutionNode = FALSE
	EndGlobalSection
	GlobalSection(ExtensibilityGlobals) = postSolution
		SolutionGuid = {B35647CD-80D1-463C-9A16-941DB4FC96C4}
	EndGlobalSection
EndGlobal
